
Microsoft Visual Studio Solution File, Format Version 12.00
# Visual Studio Version 16
VisualStudioVersion = 16.0.31613.86
MinimumVisualStudioVersion = 10.0.40219.1
Project("{FAE04EC0-301F-11D3-BF4B-00C04F79EFBC}") = "Roomalaiset nrot", "Roomalaiset nrot\Roomalaiset nrot.csproj", "{24692091-7FEC-44FD-B29D-25D075FD3519}"
EndProject
Global
	GlobalSection(SolutionConfigurationPlatforms) = preSolution
		Debug|Any CPU = Debug|Any CPU
		Release|Any CPU = Release|Any CPU
	EndGlobalSection
	GlobalSection(ProjectConfigurationPlatforms) = postSolution
		{24692091-7FEC-44FD-B29D-25D075FD3519}.Debug|Any CPU.ActiveCfg = Debug|Any CPU
		{24692091-7FEC-44FD-B29D-25D075FD3519}.Debug|Any CPU.Build.0 = Debug|Any CPU
		{24692091-7FEC-44FD-B29D-25D075FD3519}.Release|Any CPU.ActiveCfg = Release|Any CPU
		{24692091-7FEC-44FD-B29D-25D075FD3519}.Release|Any CPU.Build.0 = Release|Any CPU
	EndGlobalSection
	GlobalSection(SolutionProperties) = preSolution
		HideSolutionNode = FALSE
	EndGlobalSection
	GlobalSection(ExtensibilityGlobals) = postSolution
		SolutionGuid = {9074B558-FE33-442A-BE81-15F5165E683E}
	EndGlobalSection
EndGlobal
