
Microsoft Visual Studio Solution File, Format Version 12.00
# Visual Studio Version 16
VisualStudioVersion = 16.0.31613.86
MinimumVisualStudioVersion = 10.0.40219.1
Project("{FAE04EC0-301F-11D3-BF4B-00C04F79EFBC}") = "Autokululaskuri", "Autokululaskuri\Autokululaskuri.csproj", "{D365FE5B-88EB-4BBA-AE96-830465E1BF0F}"
EndProject
Global
	GlobalSection(SolutionConfigurationPlatforms) = preSolution
		Debug|Any CPU = Debug|Any CPU
		Release|Any CPU = Release|Any CPU
	EndGlobalSection
	GlobalSection(ProjectConfigurationPlatforms) = postSolution
		{D365FE5B-88EB-4BBA-AE96-830465E1BF0F}.Debug|Any CPU.ActiveCfg = Debug|Any CPU
		{D365FE5B-88EB-4BBA-AE96-830465E1BF0F}.Debug|Any CPU.Build.0 = Debug|Any CPU
		{D365FE5B-88EB-4BBA-AE96-830465E1BF0F}.Release|Any CPU.ActiveCfg = Release|Any CPU
		{D365FE5B-88EB-4BBA-AE96-830465E1BF0F}.Release|Any CPU.Build.0 = Release|Any CPU
	EndGlobalSection
	GlobalSection(SolutionProperties) = preSolution
		HideSolutionNode = FALSE
	EndGlobalSection
	GlobalSection(ExtensibilityGlobals) = postSolution
		SolutionGuid = {E4B9EF3F-8CD4-4183-943C-913657C87937}
	EndGlobalSection
EndGlobal
