
Microsoft Visual Studio Solution File, Format Version 12.00
# Visual Studio Version 16
VisualStudioVersion = 16.0.31613.86
MinimumVisualStudioVersion = 10.0.40219.1
Project("{FAE04EC0-301F-11D3-BF4B-00C04F79EFBC}") = "käyttäjän teksti", "käyttäjän teksti\käyttäjän teksti.csproj", "{B32B6905-E125-4B56-B300-FD1A6979C2CE}"
EndProject
Global
	GlobalSection(SolutionConfigurationPlatforms) = preSolution
		Debug|Any CPU = Debug|Any CPU
		Release|Any CPU = Release|Any CPU
	EndGlobalSection
	GlobalSection(ProjectConfigurationPlatforms) = postSolution
		{B32B6905-E125-4B56-B300-FD1A6979C2CE}.Debug|Any CPU.ActiveCfg = Debug|Any CPU
		{B32B6905-E125-4B56-B300-FD1A6979C2CE}.Debug|Any CPU.Build.0 = Debug|Any CPU
		{B32B6905-E125-4B56-B300-FD1A6979C2CE}.Release|Any CPU.ActiveCfg = Release|Any CPU
		{B32B6905-E125-4B56-B300-FD1A6979C2CE}.Release|Any CPU.Build.0 = Release|Any CPU
	EndGlobalSection
	GlobalSection(SolutionProperties) = preSolution
		HideSolutionNode = FALSE
	EndGlobalSection
	GlobalSection(ExtensibilityGlobals) = postSolution
		SolutionGuid = {CDF4808C-2F85-497E-9267-FB29BC7B5D19}
	EndGlobalSection
EndGlobal
