
Microsoft Visual Studio Solution File, Format Version 12.00
# Visual Studio Version 16
VisualStudioVersion = 16.0.31613.86
MinimumVisualStudioVersion = 10.0.40219.1
Project("{FAE04EC0-301F-11D3-BF4B-00C04F79EFBC}") = "Laskin", "Laskin\Laskin.csproj", "{9ACFC1CC-F204-40F2-B396-D1B113D48355}"
EndProject
Global
	GlobalSection(SolutionConfigurationPlatforms) = preSolution
		Debug|Any CPU = Debug|Any CPU
		Release|Any CPU = Release|Any CPU
	EndGlobalSection
	GlobalSection(ProjectConfigurationPlatforms) = postSolution
		{9ACFC1CC-F204-40F2-B396-D1B113D48355}.Debug|Any CPU.ActiveCfg = Debug|Any CPU
		{9ACFC1CC-F204-40F2-B396-D1B113D48355}.Debug|Any CPU.Build.0 = Debug|Any CPU
		{9ACFC1CC-F204-40F2-B396-D1B113D48355}.Release|Any CPU.ActiveCfg = Release|Any CPU
		{9ACFC1CC-F204-40F2-B396-D1B113D48355}.Release|Any CPU.Build.0 = Release|Any CPU
	EndGlobalSection
	GlobalSection(SolutionProperties) = preSolution
		HideSolutionNode = FALSE
	EndGlobalSection
	GlobalSection(ExtensibilityGlobals) = postSolution
		SolutionGuid = {F9E1B7E1-234B-412F-9909-054E30DF8326}
	EndGlobalSection
EndGlobal
